
Microsoft Visual Studio Solution File, Format Version 12.00
# Visual Studio Version 17
VisualStudioVersion = 17.0.31903.59
MinimumVisualStudioVersion = 10.0.40219.1
Project("{2150E333-8FDC-42A3-9474-1A3956D46DE8}") = "src", "src", "{827E0CD3-B72D-47B6-A68D-7590B98EB39B}"
EndProject
Project("{FAE04EC0-301F-11D3-BF4B-00C04F79EFBC}") = "AgroTrade.Api", "src\AgroTrade.Api\AgroTrade.Api.csproj", "{37E7A4B1-6D9A-43A5-ABE1-247E0A1886CF}"
EndProject
Project("{FAE04EC0-301F-11D3-BF4B-00C04F79EFBC}") = "AgroTrade.Domain", "src\AgroTrade.Domain\AgroTrade.Domain.csproj", "{7F585011-D26D-4D9A-B3F2-2D0AC69112A2}"
EndProject
Project("{FAE04EC0-301F-11D3-BF4B-00C04F79EFBC}") = "AgroTrade.Contracts", "src\AgroTrade.Contracts\AgroTrade.Contracts.csproj", "{F83D6138-8987-457D-9E8D-E57CC0F0D9B9}"
EndProject
Project("{FAE04EC0-301F-11D3-BF4B-00C04F79EFBC}") = "AgroTrade.Application", "src\AgroTrade.Application\AgroTrade.Application.csproj", "{1B3F74B4-62F9-445B-986D-C3C94046EDD5}"
EndProject
Project("{FAE04EC0-301F-11D3-BF4B-00C04F79EFBC}") = "AgroTrade.Infrastructure", "src\AgroTrade.Infrastructure\AgroTrade.Infrastructure.csproj", "{05B497B2-A548-489E-BA78-D305E92ADDB5}"
EndProject
Global
	GlobalSection(SolutionConfigurationPlatforms) = preSolution
		Debug|Any CPU = Debug|Any CPU
		Debug|x64 = Debug|x64
		Debug|x86 = Debug|x86
		Release|Any CPU = Release|Any CPU
		Release|x64 = Release|x64
		Release|x86 = Release|x86
	EndGlobalSection
	GlobalSection(ProjectConfigurationPlatforms) = postSolution
		{37E7A4B1-6D9A-43A5-ABE1-247E0A1886CF}.Debug|Any CPU.ActiveCfg = Debug|Any CPU
		{37E7A4B1-6D9A-43A5-ABE1-247E0A1886CF}.Debug|Any CPU.Build.0 = Debug|Any CPU
		{37E7A4B1-6D9A-43A5-ABE1-247E0A1886CF}.Debug|x64.ActiveCfg = Debug|Any CPU
		{37E7A4B1-6D9A-43A5-ABE1-247E0A1886CF}.Debug|x64.Build.0 = Debug|Any CPU
		{37E7A4B1-6D9A-43A5-ABE1-247E0A1886CF}.Debug|x86.ActiveCfg = Debug|Any CPU
		{37E7A4B1-6D9A-43A5-ABE1-247E0A1886CF}.Debug|x86.Build.0 = Debug|Any CPU
		{37E7A4B1-6D9A-43A5-ABE1-247E0A1886CF}.Release|Any CPU.ActiveCfg = Release|Any CPU
		{37E7A4B1-6D9A-43A5-ABE1-247E0A1886CF}.Release|Any CPU.Build.0 = Release|Any CPU
		{37E7A4B1-6D9A-43A5-ABE1-247E0A1886CF}.Release|x64.ActiveCfg = Release|Any CPU
		{37E7A4B1-6D9A-43A5-ABE1-247E0A1886CF}.Release|x64.Build.0 = Release|Any CPU
		{37E7A4B1-6D9A-43A5-ABE1-247E0A1886CF}.Release|x86.ActiveCfg = Release|Any CPU
		{37E7A4B1-6D9A-43A5-ABE1-247E0A1886CF}.Release|x86.Build.0 = Release|Any CPU
		{7F585011-D26D-4D9A-B3F2-2D0AC69112A2}.Debug|Any CPU.ActiveCfg = Debug|Any CPU
		{7F585011-D26D-4D9A-B3F2-2D0AC69112A2}.Debug|Any CPU.Build.0 = Debug|Any CPU
		{7F585011-D26D-4D9A-B3F2-2D0AC69112A2}.Debug|x64.ActiveCfg = Debug|Any CPU
		{7F585011-D26D-4D9A-B3F2-2D0AC69112A2}.Debug|x64.Build.0 = Debug|Any CPU
		{7F585011-D26D-4D9A-B3F2-2D0AC69112A2}.Debug|x86.ActiveCfg = Debug|Any CPU
		{7F585011-D26D-4D9A-B3F2-2D0AC69112A2}.Debug|x86.Build.0 = Debug|Any CPU
		{7F585011-D26D-4D9A-B3F2-2D0AC69112A2}.Release|Any CPU.ActiveCfg = Release|Any CPU
		{7F585011-D26D-4D9A-B3F2-2D0AC69112A2}.Release|Any CPU.Build.0 = Release|Any CPU
		{7F585011-D26D-4D9A-B3F2-2D0AC69112A2}.Release|x64.ActiveCfg = Release|Any CPU
		{7F585011-D26D-4D9A-B3F2-2D0AC69112A2}.Release|x64.Build.0 = Release|Any CPU
		{7F585011-D26D-4D9A-B3F2-2D0AC69112A2}.Release|x86.ActiveCfg = Release|Any CPU
		{7F585011-D26D-4D9A-B3F2-2D0AC69112A2}.Release|x86.Build.0 = Release|Any CPU
		{F83D6138-8987-457D-9E8D-E57CC0F0D9B9}.Debug|Any CPU.ActiveCfg = Debug|Any CPU
		{F83D6138-8987-457D-9E8D-E57CC0F0D9B9}.Debug|Any CPU.Build.0 = Debug|Any CPU
		{F83D6138-8987-457D-9E8D-E57CC0F0D9B9}.Debug|x64.ActiveCfg = Debug|Any CPU
		{F83D6138-8987-457D-9E8D-E57CC0F0D9B9}.Debug|x64.Build.0 = Debug|Any CPU
		{F83D6138-8987-457D-9E8D-E57CC0F0D9B9}.Debug|x86.ActiveCfg = Debug|Any CPU
		{F83D6138-8987-457D-9E8D-E57CC0F0D9B9}.Debug|x86.Build.0 = Debug|Any CPU
		{F83D6138-8987-457D-9E8D-E57CC0F0D9B9}.Release|Any CPU.ActiveCfg = Release|Any CPU
		{F83D6138-8987-457D-9E8D-E57CC0F0D9B9}.Release|Any CPU.Build.0 = Release|Any CPU
		{F83D6138-8987-457D-9E8D-E57CC0F0D9B9}.Release|x64.ActiveCfg = Release|Any CPU
		{F83D6138-8987-457D-9E8D-E57CC0F0D9B9}.Release|x64.Build.0 = Release|Any CPU
		{F83D6138-8987-457D-9E8D-E57CC0F0D9B9}.Release|x86.ActiveCfg = Release|Any CPU
		{F83D6138-8987-457D-9E8D-E57CC0F0D9B9}.Release|x86.Build.0 = Release|Any CPU
		{1B3F74B4-62F9-445B-986D-C3C94046EDD5}.Debug|Any CPU.ActiveCfg = Debug|Any CPU
		{1B3F74B4-62F9-445B-986D-C3C94046EDD5}.Debug|Any CPU.Build.0 = Debug|Any CPU
		{1B3F74B4-62F9-445B-986D-C3C94046EDD5}.Debug|x64.ActiveCfg = Debug|Any CPU
		{1B3F74B4-62F9-445B-986D-C3C94046EDD5}.Debug|x64.Build.0 = Debug|Any CPU
		{1B3F74B4-62F9-445B-986D-C3C94046EDD5}.Debug|x86.ActiveCfg = Debug|Any CPU
		{1B3F74B4-62F9-445B-986D-C3C94046EDD5}.Debug|x86.Build.0 = Debug|Any CPU
		{1B3F74B4-62F9-445B-986D-C3C94046EDD5}.Release|Any CPU.ActiveCfg = Release|Any CPU
		{1B3F74B4-62F9-445B-986D-C3C94046EDD5}.Release|Any CPU.Build.0 = Release|Any CPU
		{1B3F74B4-62F9-445B-986D-C3C94046EDD5}.Release|x64.ActiveCfg = Release|Any CPU
		{1B3F74B4-62F9-445B-986D-C3C94046EDD5}.Release|x64.Build.0 = Release|Any CPU
		{1B3F74B4-62F9-445B-986D-C3C94046EDD5}.Release|x86.ActiveCfg = Release|Any CPU
		{1B3F74B4-62F9-445B-986D-C3C94046EDD5}.Release|x86.Build.0 = Release|Any CPU
		{05B497B2-A548-489E-BA78-D305E92ADDB5}.Debug|Any CPU.ActiveCfg = Debug|Any CPU
		{05B497B2-A548-489E-BA78-D305E92ADDB5}.Debug|Any CPU.Build.0 = Debug|Any CPU
		{05B497B2-A548-489E-BA78-D305E92ADDB5}.Debug|x64.ActiveCfg = Debug|Any CPU
		{05B497B2-A548-489E-BA78-D305E92ADDB5}.Debug|x64.Build.0 = Debug|Any CPU
		{05B497B2-A548-489E-BA78-D305E92ADDB5}.Debug|x86.ActiveCfg = Debug|Any CPU
		{05B497B2-A548-489E-BA78-D305E92ADDB5}.Debug|x86.Build.0 = Debug|Any CPU
		{05B497B2-A548-489E-BA78-D305E92ADDB5}.Release|Any CPU.ActiveCfg = Release|Any CPU
		{05B497B2-A548-489E-BA78-D305E92ADDB5}.Release|Any CPU.Build.0 = Release|Any CPU
		{05B497B2-A548-489E-BA78-D305E92ADDB5}.Release|x64.ActiveCfg = Release|Any CPU
		{05B497B2-A548-489E-BA78-D305E92ADDB5}.Release|x64.Build.0 = Release|Any CPU
		{05B497B2-A548-489E-BA78-D305E92ADDB5}.Release|x86.ActiveCfg = Release|Any CPU
		{05B497B2-A548-489E-BA78-D305E92ADDB5}.Release|x86.Build.0 = Release|Any CPU
	EndGlobalSection
	GlobalSection(SolutionProperties) = preSolution
		HideSolutionNode = FALSE
	EndGlobalSection
	GlobalSection(NestedProjects) = preSolution
		{37E7A4B1-6D9A-43A5-ABE1-247E0A1886CF} = {827E0CD3-B72D-47B6-A68D-7590B98EB39B}
		{7F585011-D26D-4D9A-B3F2-2D0AC69112A2} = {827E0CD3-B72D-47B6-A68D-7590B98EB39B}
		{F83D6138-8987-457D-9E8D-E57CC0F0D9B9} = {827E0CD3-B72D-47B6-A68D-7590B98EB39B}
		{1B3F74B4-62F9-445B-986D-C3C94046EDD5} = {827E0CD3-B72D-47B6-A68D-7590B98EB39B}
		{05B497B2-A548-489E-BA78-D305E92ADDB5} = {827E0CD3-B72D-47B6-A68D-7590B98EB39B}
	EndGlobalSection
EndGlobal
